
Microsoft Visual Studio Solution File, Format Version 12.00
# Visual Studio Version 16
VisualStudioVersion = 16.0.31605.320
MinimumVisualStudioVersion = 10.0.40219.1
Project("{FAE04EC0-301F-11D3-BF4B-00C04F79EFBC}") = "exercicioURI1019ConverterSegundos", "exercicioURI1019ConverterSegundos\exercicioURI1019ConverterSegundos.csproj", "{4DE0315F-C4C5-4E49-AEB2-D5A0C77B33E5}"
EndProject
Global
	GlobalSection(SolutionConfigurationPlatforms) = preSolution
		Debug|Any CPU = Debug|Any CPU
		Release|Any CPU = Release|Any CPU
	EndGlobalSection
	GlobalSection(ProjectConfigurationPlatforms) = postSolution
		{4DE0315F-C4C5-4E49-AEB2-D5A0C77B33E5}.Debug|Any CPU.ActiveCfg = Debug|Any CPU
		{4DE0315F-C4C5-4E49-AEB2-D5A0C77B33E5}.Debug|Any CPU.Build.0 = Debug|Any CPU
		{4DE0315F-C4C5-4E49-AEB2-D5A0C77B33E5}.Release|Any CPU.ActiveCfg = Release|Any CPU
		{4DE0315F-C4C5-4E49-AEB2-D5A0C77B33E5}.Release|Any CPU.Build.0 = Release|Any CPU
	EndGlobalSection
	GlobalSection(SolutionProperties) = preSolution
		HideSolutionNode = FALSE
	EndGlobalSection
	GlobalSection(ExtensibilityGlobals) = postSolution
		SolutionGuid = {FF5BDE7E-620F-4DD7-97C8-F3476525F7F1}
	EndGlobalSection
EndGlobal
