
Microsoft Visual Studio Solution File, Format Version 12.00
# Visual Studio Version 16
VisualStudioVersion = 16.0.31624.102
MinimumVisualStudioVersion = 10.0.40219.1
Project("{FAE04EC0-301F-11D3-BF4B-00C04F79EFBC}") = "uri1048AumentoSalario", "uri1048AumentoSalario\uri1048AumentoSalario.csproj", "{DB424728-FFA2-4BE6-A7C8-CFA1BDA80395}"
EndProject
Global
	GlobalSection(SolutionConfigurationPlatforms) = preSolution
		Debug|Any CPU = Debug|Any CPU
		Release|Any CPU = Release|Any CPU
	EndGlobalSection
	GlobalSection(ProjectConfigurationPlatforms) = postSolution
		{DB424728-FFA2-4BE6-A7C8-CFA1BDA80395}.Debug|Any CPU.ActiveCfg = Debug|Any CPU
		{DB424728-FFA2-4BE6-A7C8-CFA1BDA80395}.Debug|Any CPU.Build.0 = Debug|Any CPU
		{DB424728-FFA2-4BE6-A7C8-CFA1BDA80395}.Release|Any CPU.ActiveCfg = Release|Any CPU
		{DB424728-FFA2-4BE6-A7C8-CFA1BDA80395}.Release|Any CPU.Build.0 = Release|Any CPU
	EndGlobalSection
	GlobalSection(SolutionProperties) = preSolution
		HideSolutionNode = FALSE
	EndGlobalSection
	GlobalSection(ExtensibilityGlobals) = postSolution
		SolutionGuid = {D1F8F7A7-1940-4D1A-BAEA-C070D23F55AD}
	EndGlobalSection
EndGlobal
